
Microsoft Visual Studio Solution File, Format Version 12.00
# Visual Studio 15
VisualStudioVersion = 15.0.26730.16
MinimumVisualStudioVersion = 10.0.40219.1
Project("{8BC9CEB8-8B4A-11D0-8D11-00A0C91BC942}") = "Tareas Facebook", "Tareas Facebook\Tareas Facebook.vcxproj", "{CF221D20-C86D-4A4E-90EA-27AC246E0ADE}"
EndProject
Project("{8BC9CEB8-8B4A-11D0-8D11-00A0C91BC942}") = "tarea 2", "tarea 2\tarea 2.vcxproj", "{8EA31ED5-74FE-43EC-811A-23BDF01CB4F6}"
EndProject
Global
	GlobalSection(SolutionConfigurationPlatforms) = preSolution
		Debug|x64 = Debug|x64
		Debug|x86 = Debug|x86
		Release|x64 = Release|x64
		Release|x86 = Release|x86
	EndGlobalSection
	GlobalSection(ProjectConfigurationPlatforms) = postSolution
		{CF221D20-C86D-4A4E-90EA-27AC246E0ADE}.Debug|x64.ActiveCfg = Debug|x64
		{CF221D20-C86D-4A4E-90EA-27AC246E0ADE}.Debug|x64.Build.0 = Debug|x64
		{CF221D20-C86D-4A4E-90EA-27AC246E0ADE}.Debug|x86.ActiveCfg = Debug|Win32
		{CF221D20-C86D-4A4E-90EA-27AC246E0ADE}.Debug|x86.Build.0 = Debug|Win32
		{CF221D20-C86D-4A4E-90EA-27AC246E0ADE}.Release|x64.ActiveCfg = Release|x64
		{CF221D20-C86D-4A4E-90EA-27AC246E0ADE}.Release|x64.Build.0 = Release|x64
		{CF221D20-C86D-4A4E-90EA-27AC246E0ADE}.Release|x86.ActiveCfg = Release|Win32
		{CF221D20-C86D-4A4E-90EA-27AC246E0ADE}.Release|x86.Build.0 = Release|Win32
		{8EA31ED5-74FE-43EC-811A-23BDF01CB4F6}.Debug|x64.ActiveCfg = Debug|x64
		{8EA31ED5-74FE-43EC-811A-23BDF01CB4F6}.Debug|x64.Build.0 = Debug|x64
		{8EA31ED5-74FE-43EC-811A-23BDF01CB4F6}.Debug|x86.ActiveCfg = Debug|Win32
		{8EA31ED5-74FE-43EC-811A-23BDF01CB4F6}.Debug|x86.Build.0 = Debug|Win32
		{8EA31ED5-74FE-43EC-811A-23BDF01CB4F6}.Release|x64.ActiveCfg = Release|x64
		{8EA31ED5-74FE-43EC-811A-23BDF01CB4F6}.Release|x64.Build.0 = Release|x64
		{8EA31ED5-74FE-43EC-811A-23BDF01CB4F6}.Release|x86.ActiveCfg = Release|Win32
		{8EA31ED5-74FE-43EC-811A-23BDF01CB4F6}.Release|x86.Build.0 = Release|Win32
	EndGlobalSection
	GlobalSection(SolutionProperties) = preSolution
		HideSolutionNode = FALSE
	EndGlobalSection
	GlobalSection(ExtensibilityGlobals) = postSolution
		SolutionGuid = {BA33AE9A-FD9F-46FD-B912-9B6DB850E7AF}
	EndGlobalSection
EndGlobal
